hash: aeb8efccd14dc03a5fd5fe1a1c026e14def5da2f6540ce6282b3b0415557069b
updated: 2019-01-26T15:06:04.8267296+01:00
imports:
- name: github.com/aead/chacha20
  version: 8b13a72661dae6e9e5dea04f344f0dc95ea29547
  repo: https://github.com/aead/chacha20
  subpackages:
  - chacha
- name: github.com/aokoli/goutils
  version: 3391d3790d23d03408670993e957e8f408993c34
- name: github.com/bifurcation/mint
  version: 64af8ab8ccb81bd5d4eab356f79ba0939117d9f6
  subpackages:
  - syntax
- name: github.com/cheekybits/genny
  version: 9127e812e1e9e501ce899a18121d316ecb52e4ba
  subpackages:
  - generic
- name: github.com/dustin/go-humanize
  version: 259d2a102b871d17f30e3cd9881a642961a1e486
  repo: https://github.com/dustin/go-humanize
- name: github.com/flynn/go-shlex
  version: 3f9db97f856818214da2e1057f8ad84803971cff
  repo: https://github.com/flynn/go-shlex
- name: github.com/google/uuid
  version: dec09d789f3dba190787f8b4454c7d3c936fed9e
  repo: https://github.com/google/uuid
- name: github.com/gorilla/websocket
  version: a69d9f6de432e2c6b296a947d8a5ee88f68522cf
  repo: https://github.com/gorilla/websocket
- name: github.com/guelfey/go.dbus
  version: f6a3a2366cc39b8479cadc499d3c735fb10fbdda
- name: github.com/hacdias/caddy-service
  version: 3fecbe69fdf6b58275b519348b44598a6a9cc4d9
- name: github.com/hashicorp/go-syslog
  version: 326bf4a7f709d263f964a6a96558676b103f3534
  repo: https://github.com/hashicorp/go-syslog
- name: github.com/hashicorp/golang-lru
  version: 0a025b7e63adc15a622f29b0b2c4c3848243bbf6
  subpackages:
  - simplelru
- name: github.com/huandu/xstrings
  version: 2bf18b218c51864a87384c06996e40ff9dcff8e1
- name: github.com/imdario/mergo
  version: 7fe0c75c13abdee74b09fcacef5ea1c6bba6a874
- name: github.com/jimstudt/http-authentication
  version: 3eca13d6893afd7ecabe15f4445f5d2872a1b012
  repo: https://github.com/jimstudt/http-authentication
  subpackages:
  - basic
- name: github.com/kardianos/osext
  version: ae77be60afb1dcacde03767a8c37337fad28ac14
- name: github.com/klauspost/cpuid
  version: ae832f27941af41db13bd6d8efd2493e3b22415a
  repo: https://github.com/klauspost/cpuid
- name: github.com/lucas-clemente/aes12
  version: cd47fb39b79f867c6e4e5cd39cf7abd799f71670
- name: github.com/lucas-clemente/quic-go
  version: ""
  repo: https://github.com/lucas-clemente/quic-go
  subpackages:
  - h2quic
  - internal/ackhandler
  - internal/congestion
  - internal/crypto
  - internal/flowcontrol
  - internal/handshake
  - internal/protocol
  - internal/utils
  - internal/wire
  - qerr
- name: github.com/lucas-clemente/quic-go-certificates
  version: d2f86524cced5186554df90d92529757d22c1cb6
- name: github.com/Masterminds/semver
  version: 59c29afe1a994eacb71c833025ca7acf874bb1da
- name: github.com/Masterminds/sprig
  version: 9d9aa1f74c86fd9d36ecfe3f2a44a3093c3d4c15
- name: github.com/mholt/caddy
  version: 8ab447e6159ce2c47ccc853cf20ac2b5515c54e9
  subpackages:
  - caddy/caddymain
  - caddyfile
  - caddyhttp
  - caddyhttp/basicauth
  - caddyhttp/bind
  - caddyhttp/browse
  - caddyhttp/errors
  - caddyhttp/expvar
  - caddyhttp/extensions
  - caddyhttp/fastcgi
  - caddyhttp/gzip
  - caddyhttp/header
  - caddyhttp/httpserver
  - caddyhttp/index
  - caddyhttp/internalsrv
  - caddyhttp/limits
  - caddyhttp/log
  - caddyhttp/markdown
  - caddyhttp/markdown/metadata
  - caddyhttp/markdown/summary
  - caddyhttp/mime
  - caddyhttp/pprof
  - caddyhttp/proxy
  - caddyhttp/push
  - caddyhttp/redirect
  - caddyhttp/requestid
  - caddyhttp/rewrite
  - caddyhttp/root
  - caddyhttp/staticfiles
  - caddyhttp/status
  - caddyhttp/templates
  - caddyhttp/timeouts
  - caddyhttp/websocket
  - caddytls
  - onevent
  - onevent/hook
  - telemetry
- name: github.com/mholt/certmagic
  version: a3b276a1b44e1c2c3dcab752729976ea04f4839b
  repo: https://github.com/mholt/certmagic
- name: github.com/miekg/dns
  version: 0f3adef2e2201d72e50309a36fc99d8a9d1a4960
  repo: https://github.com/miekg/dns
- name: github.com/naoina/go-stringutil
  version: 6b638e95a32d0c1131db0e7fe83775cbea4a0d0b
  repo: https://github.com/naoina/go-stringutil
- name: github.com/naoina/toml
  version: e6f5723bf2a66af014955e0888881314cf294129
  repo: https://github.com/naoina/toml
  subpackages:
  - ast
- name: github.com/NetWatcher/service
  version: 12236803cddffddf8ba667dad93bbfaf3d6720dc
- name: github.com/otiai10/copy
  version: 7e9a647135a142c2669943d4a4d29be015ce9392
- name: github.com/russross/blackfriday
  version: 067529f716f4c3f5e37c8c95ddd59df1007290ae
  repo: https://github.com/russross/blackfriday
- name: github.com/satori/go.uuid
  version: f58768cc1a7a7e77a3bd49e98cdd21419399b6a3
- name: github.com/vektra/tachyon
  version: 0da4f3861aef5471cfd69a2d265584fafe70230f
  subpackages:
  - upstart
- name: github.com/xenolf/lego
  version: b05b54d1f69a31ceed92e2995243c5b17821c9e4
  repo: https://github.com/xenolf/lego
  subpackages:
  - acme
  - acme/api
  - acme/api/internal/nonces
  - acme/api/internal/secure
  - acme/api/internal/sender
  - certcrypto
  - certificate
  - challenge
  - challenge/dns01
  - challenge/http01
  - challenge/resolver
  - challenge/tlsalpn01
  - lego
  - log
  - platform/wait
  - registration
  - vendor/github.com/miekg/dns
  - vendor/golang.org/x/crypto/ed25519
  - vendor/golang.org/x/crypto/ocsp
  - vendor/golang.org/x/crypto/pbkdf2
  - vendor/golang.org/x/net/bpf
  - vendor/golang.org/x/net/idna
  - vendor/golang.org/x/net/internal/iana
  - vendor/golang.org/x/net/internal/socket
  - vendor/golang.org/x/net/ipv4
  - vendor/golang.org/x/net/ipv6
  - vendor/golang.org/x/sys/unix
  - vendor/golang.org/x/text/collate
  - vendor/golang.org/x/text/internal/colltab
  - vendor/golang.org/x/text/internal/gen
  - vendor/golang.org/x/text/internal/tag
  - vendor/golang.org/x/text/internal/triegen
  - vendor/golang.org/x/text/internal/ucd
  - vendor/golang.org/x/text/language
  - vendor/golang.org/x/text/secure/bidirule
  - vendor/golang.org/x/text/transform
  - vendor/golang.org/x/text/unicode/bidi
  - vendor/golang.org/x/text/unicode/cldr
  - vendor/golang.org/x/text/unicode/norm
  - vendor/golang.org/x/text/unicode/rangetable
  - vendor/gopkg.in/square/go-jose.v2
- name: golang.org/x/crypto
  version: 94eea52f7b742c7cbe0b03b22f0c4c8631ece122
  repo: https://go.googlesource.com/crypto
  subpackages:
  - curve25519
  - ed25519
  - ed25519/internal/edwards25519
  - hkdf
  - ocsp
  - pbkdf2
  - scrypt
  - ssh/terminal
- name: golang.org/x/net
  version: f5079bd7f6f74e23c4d65efa0f4ce14cbd6a3c0f
  repo: https://go.googlesource.com/net
  subpackages:
  - context
  - http/httpguts
  - http2
  - http2/hpack
  - idna
  - lex/httplex
  - publicsuffix
- name: golang.org/x/sys
  version: 49385e6e15226593f68b26af201feec29d5bba22
  repo: https://go.googlesource.com/sys
  subpackages:
  - cpu
  - unix
  - windows
  - windows/registry
  - windows/svc
  - windows/svc/eventlog
  - windows/svc/mgr
- name: golang.org/x/text
  version: 836efe42bb4aa16aaa17b9c155d8813d336ed720
  repo: https://go.googlesource.com/text
  subpackages:
  - internal/gen
  - internal/triegen
  - internal/ucd
  - secure/bidirule
  - transform
  - unicode/bidi
  - unicode/cldr
  - unicode/norm
  - unicode/rangetable
- name: gopkg.in/natefinch/lumberjack.v2
  version: df99d62fd42d8b3752c8a42c6723555372c02a03
  repo: https://gopkg.in/natefinch/lumberjack.v2
- name: gopkg.in/square/go-jose.v2
  version: 6ee92191fea850cdcab9a18867abf5f521cdbadb
  repo: https://gopkg.in/square/go-jose.v2
  subpackages:
  - cipher
  - json
- name: gopkg.in/yaml.v2
  version: 25c4ec802a7d637f88d584ab26798e94ad14c13b
  repo: https://gopkg.in/yaml.v2
testImports: []
